
Microsoft Visual Studio Solution File, Format Version 12.00
# Visual Studio Version 17
VisualStudioVersion = 17.9.34728.123
MinimumVisualStudioVersion = 10.0.40219.1
Project("{FAE04EC0-301F-11D3-BF4B-00C04F79EFBC}") = "Bank_shusharin", "Bank_shusharin.csproj", "{D4C0BEA7-D287-4C0C-B384-2235EEF567C8}"
EndProject
Project("{FAE04EC0-301F-11D3-BF4B-00C04F79EFBC}") = "BankTest", "..\BankTest\BankTest.csproj", "{5952C92E-5017-4FF3-BCC3-CBD364C5339B}"
EndProject
Global
	GlobalSection(SolutionConfigurationPlatforms) = preSolution
		Debug|Any CPU = Debug|Any CPU
		Release|Any CPU = Release|Any CPU
	EndGlobalSection
	GlobalSection(ProjectConfigurationPlatforms) = postSolution
		{D4C0BEA7-D287-4C0C-B384-2235EEF567C8}.Debug|Any CPU.ActiveCfg = Debug|Any CPU
		{D4C0BEA7-D287-4C0C-B384-2235EEF567C8}.Debug|Any CPU.Build.0 = Debug|Any CPU
		{D4C0BEA7-D287-4C0C-B384-2235EEF567C8}.Release|Any CPU.ActiveCfg = Release|Any CPU
		{D4C0BEA7-D287-4C0C-B384-2235EEF567C8}.Release|Any CPU.Build.0 = Release|Any CPU
		{5952C92E-5017-4FF3-BCC3-CBD364C5339B}.Debug|Any CPU.ActiveCfg = Debug|Any CPU
		{5952C92E-5017-4FF3-BCC3-CBD364C5339B}.Debug|Any CPU.Build.0 = Debug|Any CPU
		{5952C92E-5017-4FF3-BCC3-CBD364C5339B}.Release|Any CPU.ActiveCfg = Release|Any CPU
		{5952C92E-5017-4FF3-BCC3-CBD364C5339B}.Release|Any CPU.Build.0 = Release|Any CPU
	EndGlobalSection
	GlobalSection(SolutionProperties) = preSolution
		HideSolutionNode = FALSE
	EndGlobalSection
	GlobalSection(ExtensibilityGlobals) = postSolution
		SolutionGuid = {DA53E13E-88E7-4FBB-AA16-C0809CBB8A48}
	EndGlobalSection
EndGlobal
